
Microsoft Visual Studio Solution File, Format Version 12.00
# Visual Studio Version 17
VisualStudioVersion = 17.11.35222.181
MinimumVisualStudioVersion = 10.0.40219.1
Project("{FAE04EC0-301F-11D3-BF4B-00C04F79EFBC}") = "Assignment_2", "Assignment_2.csproj", "{ED228AA4-5B3E-43FA-90AC-40402CB17E24}"
EndProject
Global
	GlobalSection(SolutionConfigurationPlatforms) = preSolution
		Debug|Any CPU = Debug|Any CPU
		Release|Any CPU = Release|Any CPU
	EndGlobalSection
	GlobalSection(ProjectConfigurationPlatforms) = postSolution
		{ED228AA4-5B3E-43FA-90AC-40402CB17E24}.Debug|Any CPU.ActiveCfg = Debug|Any CPU
		{ED228AA4-5B3E-43FA-90AC-40402CB17E24}.Debug|Any CPU.Build.0 = Debug|Any CPU
		{ED228AA4-5B3E-43FA-90AC-40402CB17E24}.Release|Any CPU.ActiveCfg = Release|Any CPU
		{ED228AA4-5B3E-43FA-90AC-40402CB17E24}.Release|Any CPU.Build.0 = Release|Any CPU
	EndGlobalSection
	GlobalSection(SolutionProperties) = preSolution
		HideSolutionNode = FALSE
	EndGlobalSection
	GlobalSection(ExtensibilityGlobals) = postSolution
		SolutionGuid = {62F966F1-8121-442D-B2C1-1C1E8FA9FF36}
	EndGlobalSection
EndGlobal
